
Microsoft Visual Studio Solution File, Format Version 12.00
# Visual Studio 15
VisualStudioVersion = 15.0.26730.12
MinimumVisualStudioVersion = 10.0.40219.1
Project("{8BC9CEB8-8B4A-11D0-8D11-00A0C91BC942}") = "TriAlgBase", "TriAlgBase\TriAlgBase.vcxproj", "{4D388CBC-0740-426A-8143-8D105EB73CEE}"
EndProject
Global
	GlobalSection(SolutionConfigurationPlatforms) = preSolution
		Debug|x64 = Debug|x64
		Debug|x86 = Debug|x86
		Release|x64 = Release|x64
		Release|x86 = Release|x86
	EndGlobalSection
	GlobalSection(ProjectConfigurationPlatforms) = postSolution
		{4D388CBC-0740-426A-8143-8D105EB73CEE}.Debug|x64.ActiveCfg = Debug|x64
		{4D388CBC-0740-426A-8143-8D105EB73CEE}.Debug|x64.Build.0 = Debug|x64
		{4D388CBC-0740-426A-8143-8D105EB73CEE}.Debug|x86.ActiveCfg = Debug|Win32
		{4D388CBC-0740-426A-8143-8D105EB73CEE}.Debug|x86.Build.0 = Debug|Win32
		{4D388CBC-0740-426A-8143-8D105EB73CEE}.Release|x64.ActiveCfg = Release|x64
		{4D388CBC-0740-426A-8143-8D105EB73CEE}.Release|x64.Build.0 = Release|x64
		{4D388CBC-0740-426A-8143-8D105EB73CEE}.Release|x86.ActiveCfg = Release|Win32
		{4D388CBC-0740-426A-8143-8D105EB73CEE}.Release|x86.Build.0 = Release|Win32
	EndGlobalSection
	GlobalSection(SolutionProperties) = preSolution
		HideSolutionNode = FALSE
	EndGlobalSection
	GlobalSection(ExtensibilityGlobals) = postSolution
		SolutionGuid = {14B8F7EB-33DE-4782-88EE-271A1FE54934}
	EndGlobalSection
EndGlobal
